{
    "_readme": [
        "This file locks the dependencies of your project to a known state",
        "Read more about it at http://getcomposer.org/doc/01-basic-usage.md#composer-lock-the-lock-file",
        "This file is @generated automatically"
    ],
    "hash": "e1cd1cacc326540e804c503c14ba1349",
    "packages": [
        {
            "name": "phpword/phpword",
            "version": "dev-master",
            "source": {
                "type": "git",
                "url": "https://bitbucket.org/kkula/phpword.git",
                "reference": "4ba9cb7f65618ec6990ecefa5edc6a992db04429"
            },
            "dist": {
                "type": "zip",
                "url": "https://bitbucket.org/kkula/phpword/get/4ba9cb7f65618ec6990ecefa5edc6a992db04429.zip",
                "reference": "4ba9cb7f65618ec6990ecefa5edc6a992db04429",
                "shasum": ""
            },
            "require": {
                "php": ">5.2.0"
            },
            "type": "library",
            "autoload": {
                "psr-0": {
                    "PHPWord": "Library"
                }
            },
            "notification-url": "https://packagist.org/downloads/",
            "license": [
                "GNU"
            ],
            "description": "PHPWord is a library written in PHP that create word documents.",
            "homepage": "http://phpword.codeplex.com",
            "keywords": [
                "doc",
                "docx",
                "word"
            ],
            "time": "2012-12-25 21:55:12"
        },
        {
            "name": "shark/simple_html_dom",
            "version": "dev-master",
            "source": {
                "type": "git",
                "url": "https://github.com/samacs/simple_html_dom.git",
                "reference": "842b3fc1f9f0c70b8c1b2e93fc451834c42e384d"
            },
            "dist": {
                "type": "zip",
                "url": "https://api.github.com/repos/samacs/simple_html_dom/zipball/842b3fc1f9f0c70b8c1b2e93fc451834c42e384d",
                "reference": "842b3fc1f9f0c70b8c1b2e93fc451834c42e384d",
                "shasum": ""
            },
            "require": {
                "ext-mbstring": "*",
                "php": ">=5.2.4"
            },
            "type": "library",
            "autoload": {
                "classmap": [
                    "simple_html_dom.php"
                ],
                "files": [
                    "simple_html_dom.php"
                ]
            },
            "notification-url": "https://packagist.org/downloads/",
            "authors": [
                {
                    "name": "S.C. Chen",
                    "email": "me578022@gmail.com",
                    "homepage": "http://simplehtmldom.sourceforge.net/"
                }
            ],
            "description": "Simple HTML DOM package.",
            "homepage": "http://simplehtmldom.sourceforge.net/",
            "keywords": [
                "dom",
                "php dom"
            ],
            "time": "2014-10-17 00:16:28"
        },
        {
            "name": "slim/slim",
            "version": "2.5.0",
            "source": {
                "type": "git",
                "url": "https://github.com/codeguy/Slim.git",
                "reference": "04958a10ed95bc7bc97568e573877d4f9b62db48"
            },
            "dist": {
                "type": "zip",
                "url": "https://api.github.com/repos/codeguy/Slim/zipball/04958a10ed95bc7bc97568e573877d4f9b62db48",
                "reference": "04958a10ed95bc7bc97568e573877d4f9b62db48",
                "shasum": ""
            },
            "require": {
                "php": ">=5.3.0"
            },
            "suggest": {
                "ext-mcrypt": "Required for HTTP cookie encryption"
            },
            "type": "library",
            "autoload": {
                "psr-0": {
                    "Slim": "."
                }
            },
            "notification-url": "https://packagist.org/downloads/",
            "license": [
                "MIT"
            ],
            "authors": [
                {
                    "name": "Josh Lockhart",
                    "email": "info@joshlockhart.com",
                    "homepage": "http://www.joshlockhart.com/"
                }
            ],
            "description": "Slim Framework, a PHP micro framework",
            "homepage": "http://github.com/codeguy/Slim",
            "keywords": [
                "microframework",
                "rest",
                "router"
            ],
            "time": "2014-12-09 19:59:29"
        },
        {
            "name": "zordius/lightncandy",
            "version": "v0.19",
            "source": {
                "type": "git",
                "url": "https://github.com/zordius/lightncandy.git",
                "reference": "954a56dbfb83cd9389250394158567eadb5379f6"
            },
            "dist": {
                "type": "zip",
                "url": "https://api.github.com/repos/zordius/lightncandy/zipball/954a56dbfb83cd9389250394158567eadb5379f6",
                "reference": "954a56dbfb83cd9389250394158567eadb5379f6",
                "shasum": ""
            },
            "require": {
                "php": ">=5.3.0"
            },
            "require-dev": {
                "phpunit/phpunit": "4.0.17"
            },
            "type": "library",
            "autoload": {
                "classmap": [
                    "src/lightncandy.php"
                ]
            },
            "notification-url": "https://packagist.org/downloads/",
            "license": [
                "MIT"
            ],
            "authors": [
                {
                    "name": "Zordius Chen",
                    "email": "zordius@yahoo-inc.com"
                }
            ],
            "description": "An extremely fast PHP implementation of handlebars ( http://handlebarsjs.com/ ) and mustache ( http://mustache.github.io/ ).",
            "homepage": "https://github.com/zordius/lightncandy",
            "keywords": [
                "handlebars",
                "logicless",
                "mustache",
                "php",
                "template"
            ],
            "time": "2015-01-30 12:05:39"
        }
    ],
    "packages-dev": [],
    "aliases": [],
    "minimum-stability": "stable",
    "stability-flags": {
        "shark/simple_html_dom": 20,
        "phpword/phpword": 20
    },
    "prefer-stable": false,
    "prefer-lowest": false,
    "platform": [],
    "platform-dev": []
}
